# This file is automatically @generated by Cargo.
# It is not intended for manual editing.
[[package]]
name = "async-channel"
version = "1.4.0"
source = "registry+https://github.com/rust-lang/crates.io-index"
checksum = "43de69555a39d52918e2bc33a408d3c0a86c829b212d898f4ca25d21a6387478"
dependencies = [
 "concurrent-queue",
 "event-listener",
 "futures-core",
]

[[package]]
name = "cache-padded"
version = "1.1.1"
source = "registry+https://github.com/rust-lang/crates.io-index"
checksum = "631ae5198c9be5e753e5cc215e1bd73c2b466a3565173db433f52bb9d3e66dba"

[[package]]
name = "concurrent-queue"
version = "1.2.0"
source = "registry+https://github.com/rust-lang/crates.io-index"
checksum = "e296417c8154304ac70aceda41f05318f986f7c0c767bcb0a2366fbb890e78e1"
dependencies = [
 "cache-padded",
]

[[package]]
name = "event-listener"
version = "2.3.0"
source = "registry+https://github.com/rust-lang/crates.io-index"
checksum = "298f00c3b04c1d9b4cb86aefaaa35348af0957d98b30a5306fc635f8e718923d"

[[package]]
name = "futures-core"
version = "0.3.5"
source = "registry+https://github.com/rust-lang/crates.io-index"
checksum = "59f5fff90fd5d971f936ad674802482ba441b6f09ba5e15fd8b39145582ca399"

[[package]]
name = "llvm-error"
version = "0.1.0"
dependencies = [
 "async-channel",
]
